
Microsoft Visual Studio Solution File, Format Version 12.00
# Visual Studio Version 17
VisualStudioVersion = 17.11.35303.130
MinimumVisualStudioVersion = 10.0.40219.1
Project("{FAE04EC0-301F-11D3-BF4B-00C04F79EFBC}") = "sipheros_los_pingwinos_test_2024_09_12", "sipheros_los_pingwinos_test_2024_09_12.csproj", "{93B08C8F-3264-4B65-88B2-81E031B5AD67}"
EndProject
Global
	GlobalSection(SolutionConfigurationPlatforms) = preSolution
		Debug|Any CPU = Debug|Any CPU
		Release|Any CPU = Release|Any CPU
	EndGlobalSection
	GlobalSection(ProjectConfigurationPlatforms) = postSolution
		{93B08C8F-3264-4B65-88B2-81E031B5AD67}.Debug|Any CPU.ActiveCfg = Debug|Any CPU
		{93B08C8F-3264-4B65-88B2-81E031B5AD67}.Debug|Any CPU.Build.0 = Debug|Any CPU
		{93B08C8F-3264-4B65-88B2-81E031B5AD67}.Release|Any CPU.ActiveCfg = Release|Any CPU
		{93B08C8F-3264-4B65-88B2-81E031B5AD67}.Release|Any CPU.Build.0 = Release|Any CPU
	EndGlobalSection
	GlobalSection(SolutionProperties) = preSolution
		HideSolutionNode = FALSE
	EndGlobalSection
	GlobalSection(ExtensibilityGlobals) = postSolution
		SolutionGuid = {139FE871-0FF9-48F6-99E6-C5DEAD3A4F6C}
	EndGlobalSection
EndGlobal
