
Microsoft Visual Studio Solution File, Format Version 12.00
# Visual Studio Version 17
VisualStudioVersion = 17.8.34511.84
MinimumVisualStudioVersion = 10.0.40219.1
Project("{FAE04EC0-301F-11D3-BF4B-00C04F79EFBC}") = "szyper_2024_04_28", "szyper_2024_04_28.csproj", "{7E1912E3-3368-48C1-9F2D-8F190E761251}"
EndProject
Global
	GlobalSection(SolutionConfigurationPlatforms) = preSolution
		Debug|Any CPU = Debug|Any CPU
		Release|Any CPU = Release|Any CPU
	EndGlobalSection
	GlobalSection(ProjectConfigurationPlatforms) = postSolution
		{7E1912E3-3368-48C1-9F2D-8F190E761251}.Debug|Any CPU.ActiveCfg = Debug|Any CPU
		{7E1912E3-3368-48C1-9F2D-8F190E761251}.Debug|Any CPU.Build.0 = Debug|Any CPU
		{7E1912E3-3368-48C1-9F2D-8F190E761251}.Release|Any CPU.ActiveCfg = Release|Any CPU
		{7E1912E3-3368-48C1-9F2D-8F190E761251}.Release|Any CPU.Build.0 = Release|Any CPU
	EndGlobalSection
	GlobalSection(SolutionProperties) = preSolution
		HideSolutionNode = FALSE
	EndGlobalSection
	GlobalSection(ExtensibilityGlobals) = postSolution
		SolutionGuid = {2758D04C-5DD0-4D9C-BACD-0F073FE2D00C}
	EndGlobalSection
EndGlobal
