
Microsoft Visual Studio Solution File, Format Version 12.00
# Visual Studio Version 17
VisualStudioVersion = 17.8.34511.84
MinimumVisualStudioVersion = 10.0.40219.1
Project("{FAE04EC0-301F-11D3-BF4B-00C04F79EFBC}") = "random_playground_for_szyper_test", "random_playground_for_szyper_test.csproj", "{B0F191D2-AFA8-434C-AA5D-125C2788EB0D}"
EndProject
Global
	GlobalSection(SolutionConfigurationPlatforms) = preSolution
		Debug|Any CPU = Debug|Any CPU
		Release|Any CPU = Release|Any CPU
	EndGlobalSection
	GlobalSection(ProjectConfigurationPlatforms) = postSolution
		{B0F191D2-AFA8-434C-AA5D-125C2788EB0D}.Debug|Any CPU.ActiveCfg = Debug|Any CPU
		{B0F191D2-AFA8-434C-AA5D-125C2788EB0D}.Debug|Any CPU.Build.0 = Debug|Any CPU
		{B0F191D2-AFA8-434C-AA5D-125C2788EB0D}.Release|Any CPU.ActiveCfg = Release|Any CPU
		{B0F191D2-AFA8-434C-AA5D-125C2788EB0D}.Release|Any CPU.Build.0 = Release|Any CPU
	EndGlobalSection
	GlobalSection(SolutionProperties) = preSolution
		HideSolutionNode = FALSE
	EndGlobalSection
	GlobalSection(ExtensibilityGlobals) = postSolution
		SolutionGuid = {92D5B730-A90E-4DC9-9948-2684592E0943}
	EndGlobalSection
EndGlobal
